
Microsoft Visual Studio Solution File, Format Version 12.00
# Visual Studio Version 17
VisualStudioVersion = 17.5.33414.496
MinimumVisualStudioVersion = 10.0.40219.1
Project("{FAE04EC0-301F-11D3-BF4B-00C04F79EFBC}") = "TPMOD8", "TPMOD8.csproj", "{F7A39F71-2873-4F73-96EB-8D796A692DA5}"
EndProject
Global
	GlobalSection(SolutionConfigurationPlatforms) = preSolution
		Debug|Any CPU = Debug|Any CPU
		Release|Any CPU = Release|Any CPU
	EndGlobalSection
	GlobalSection(ProjectConfigurationPlatforms) = postSolution
		{F7A39F71-2873-4F73-96EB-8D796A692DA5}.Debug|Any CPU.ActiveCfg = Debug|Any CPU
		{F7A39F71-2873-4F73-96EB-8D796A692DA5}.Debug|Any CPU.Build.0 = Debug|Any CPU
		{F7A39F71-2873-4F73-96EB-8D796A692DA5}.Release|Any CPU.ActiveCfg = Release|Any CPU
		{F7A39F71-2873-4F73-96EB-8D796A692DA5}.Release|Any CPU.Build.0 = Release|Any CPU
	EndGlobalSection
	GlobalSection(SolutionProperties) = preSolution
		HideSolutionNode = FALSE
	EndGlobalSection
	GlobalSection(ExtensibilityGlobals) = postSolution
		SolutionGuid = {17EA3249-37D4-4E13-80AB-F0BC4BE99F74}
	EndGlobalSection
EndGlobal
